// !$*UTF8*$!
{
	archiveVersion = 1;
	classes = {
	};
	objectVersion = 46;
	objects = {

/* Begin PBXBuildFile section */
		0A2D813E1D4B8E1800E62B0D /* StickerPackExtension.appex in Embed App Extensions */ = {isa = PBXBuildFile; fileRef = 0A2D81371D4B8E1800E62B0D /* StickerPackExtension.appex */; settings = {ATTRIBUTES = (RemoveHeadersOnCopy, ); }; };
		0A2D81421D4B8E2000E62B0D /* Assets.xcassets in Resources */ = {isa = PBXBuildFile; fileRef = 0ACE7C1C1D3E5B1300EB209D /* Assets.xcassets */; };
		0A2D81461D4B983A00E62B0D /* Stickers.xcstickers in Resources */ = {isa = PBXBuildFile; fileRef = 0A2D81451D4B983A00E62B0D /* Stickers.xcstickers */; };
		0A2D814E1D4B99C900E62B0D /* NotificationService.swift in Sources */ = {isa = PBXBuildFile; fileRef = 0A2D814D1D4B99C900E62B0D /* NotificationService.swift */; };
		0A2D81521D4B99C900E62B0D /* NotificationServiceExtension.appex in Embed App Extensions */ = {isa = PBXBuildFile; fileRef = 0A2D814B1D4B99C900E62B0D /* NotificationServiceExtension.appex */; settings = {ATTRIBUTES = (RemoveHeadersOnCopy, ); }; };
		0A3736251D48F13700EB80B5 /* Logo_WWDC2016.png in Resources */ = {isa = PBXBuildFile; fileRef = 0A3736241D48F13700EB80B5 /* Logo_WWDC2016.png */; };
		0A3C93421D3F214D0070E424 /* NotificationCenter.framework in Frameworks */ = {isa = PBXBuildFile; fileRef = 0A3C93411D3F214D0070E424 /* NotificationCenter.framework */; };
		0ACE7C161D3E5B1300EB209D /* AppDelegate.swift in Sources */ = {isa = PBXBuildFile; fileRef = 0ACE7C151D3E5B1300EB209D /* AppDelegate.swift */; };
		0ACE7C181D3E5B1300EB209D /* ViewController.swift in Sources */ = {isa = PBXBuildFile; fileRef = 0ACE7C171D3E5B1300EB209D /* ViewController.swift */; };
		0ACE7C1B1D3E5B1300EB209D /* Main.storyboard in Resources */ = {isa = PBXBuildFile; fileRef = 0ACE7C191D3E5B1300EB209D /* Main.storyboard */; };
		0ACE7C1D1D3E5B1300EB209D /* Assets.xcassets in Resources */ = {isa = PBXBuildFile; fileRef = 0ACE7C1C1D3E5B1300EB209D /* Assets.xcassets */; };
		0ACE7C201D3E5B1300EB209D /* LaunchScreen.storyboard in Resources */ = {isa = PBXBuildFile; fileRef = 0ACE7C1E1D3E5B1300EB209D /* LaunchScreen.storyboard */; };
		0ACE7C311D3E5BFC00EB209D /* TodayViewController.swift in Sources */ = {isa = PBXBuildFile; fileRef = 0ACE7C301D3E5BFC00EB209D /* TodayViewController.swift */; };
		0ACE7C341D3E5BFC00EB209D /* MainInterface.storyboard in Resources */ = {isa = PBXBuildFile; fileRef = 0ACE7C321D3E5BFC00EB209D /* MainInterface.storyboard */; };
		0ACE7C381D3E5BFC00EB209D /* TodayExtension.appex in Embed App Extensions */ = {isa = PBXBuildFile; fileRef = 0ACE7C2B1D3E5BFC00EB209D /* TodayExtension.appex */; settings = {ATTRIBUTES = (RemoveHeadersOnCopy, ); }; };
		580BD99F1D47673500A2178C /* MMWormhole.m in Sources */ = {isa = PBXBuildFile; fileRef = 581BAD101D45FE2800E18F5E /* MMWormhole.m */; };
		580BD9A01D47673500A2178C /* MMWormholeCoordinatedFileTransiting.m in Sources */ = {isa = PBXBuildFile; fileRef = 581BAD121D45FE2800E18F5E /* MMWormholeCoordinatedFileTransiting.m */; };
		580BD9A11D47673500A2178C /* MMWormholeFileTransiting.m in Sources */ = {isa = PBXBuildFile; fileRef = 581BAD141D45FE2800E18F5E /* MMWormholeFileTransiting.m */; };
		580BD9A21D47673500A2178C /* MMWormholeSession.m in Sources */ = {isa = PBXBuildFile; fileRef = 581BAD161D45FE2800E18F5E /* MMWormholeSession.m */; };
		580BD9A31D47673500A2178C /* MMWormholeSessionContextTransiting.m in Sources */ = {isa = PBXBuildFile; fileRef = 581BAD181D45FE2800E18F5E /* MMWormholeSessionContextTransiting.m */; };
		580BD9A41D47673500A2178C /* MMWormholeSessionFileTransiting.m in Sources */ = {isa = PBXBuildFile; fileRef = 581BAD1A1D45FE2800E18F5E /* MMWormholeSessionFileTransiting.m */; };
		580BD9A51D47673500A2178C /* MMWormholeSessionMessageTransiting.m in Sources */ = {isa = PBXBuildFile; fileRef = 581BAD1C1D45FE2800E18F5E /* MMWormholeSessionMessageTransiting.m */; };
		581BAD1E1D45FE2800E18F5E /* MMWormhole.m in Sources */ = {isa = PBXBuildFile; fileRef = 581BAD101D45FE2800E18F5E /* MMWormhole.m */; };
		581BAD1F1D45FE2800E18F5E /* MMWormhole.m in Sources */ = {isa = PBXBuildFile; fileRef = 581BAD101D45FE2800E18F5E /* MMWormhole.m */; };
		581BAD201D45FE2800E18F5E /* MMWormholeCoordinatedFileTransiting.m in Sources */ = {isa = PBXBuildFile; fileRef = 581BAD121D45FE2800E18F5E /* MMWormholeCoordinatedFileTransiting.m */; };
		581BAD211D45FE2800E18F5E /* MMWormholeCoordinatedFileTransiting.m in Sources */ = {isa = PBXBuildFile; fileRef = 581BAD121D45FE2800E18F5E /* MMWormholeCoordinatedFileTransiting.m */; };
		581BAD221D45FE2800E18F5E /* MMWormholeFileTransiting.m in Sources */ = {isa = PBXBuildFile; fileRef = 581BAD141D45FE2800E18F5E /* MMWormholeFileTransiting.m */; };
		581BAD231D45FE2800E18F5E /* MMWormholeFileTransiting.m in Sources */ = {isa = PBXBuildFile; fileRef = 581BAD141D45FE2800E18F5E /* MMWormholeFileTransiting.m */; };
		581BAD241D45FE2800E18F5E /* MMWormholeSession.m in Sources */ = {isa = PBXBuildFile; fileRef = 581BAD161D45FE2800E18F5E /* MMWormholeSession.m */; };
		581BAD251D45FE2800E18F5E /* MMWormholeSession.m in Sources */ = {isa = PBXBuildFile; fileRef = 581BAD161D45FE2800E18F5E /* MMWormholeSession.m */; };
		581BAD261D45FE2800E18F5E /* MMWormholeSessionContextTransiting.m in Sources */ = {isa = PBXBuildFile; fileRef = 581BAD181D45FE2800E18F5E /* MMWormholeSessionContextTransiting.m */; };
		581BAD271D45FE2800E18F5E /* MMWormholeSessionContextTransiting.m in Sources */ = {isa = PBXBuildFile; fileRef = 581BAD181D45FE2800E18F5E /* MMWormholeSessionContextTransiting.m */; };
		581BAD281D45FE2800E18F5E /* MMWormholeSessionFileTransiting.m in Sources */ = {isa = PBXBuildFile; fileRef = 581BAD1A1D45FE2800E18F5E /* MMWormholeSessionFileTransiting.m */; };
		581BAD291D45FE2800E18F5E /* MMWormholeSessionFileTransiting.m in Sources */ = {isa = PBXBuildFile; fileRef = 581BAD1A1D45FE2800E18F5E /* MMWormholeSessionFileTransiting.m */; };
		581BAD2A1D45FE2800E18F5E /* MMWormholeSessionMessageTransiting.m in Sources */ = {isa = PBXBuildFile; fileRef = 581BAD1C1D45FE2800E18F5E /* MMWormholeSessionMessageTransiting.m */; };
		581BAD2B1D45FE2800E18F5E /* MMWormholeSessionMessageTransiting.m in Sources */ = {isa = PBXBuildFile; fileRef = 581BAD1C1D45FE2800E18F5E /* MMWormholeSessionMessageTransiting.m */; };
		581BAD341D46019200E18F5E /* ShareViewController.swift in Sources */ = {isa = PBXBuildFile; fileRef = 581BAD331D46019200E18F5E /* ShareViewController.swift */; };
		581BAD371D46019200E18F5E /* MainInterface.storyboard in Resources */ = {isa = PBXBuildFile; fileRef = 581BAD351D46019200E18F5E /* MainInterface.storyboard */; };
		581BAD3B1D46019200E18F5E /* ShareExtension.appex in Embed App Extensions */ = {isa = PBXBuildFile; fileRef = 581BAD311D46019200E18F5E /* ShareExtension.appex */; settings = {ATTRIBUTES = (RemoveHeadersOnCopy, ); }; };
		581BAD4D1D46025300E18F5E /* DemoPreprocessor.js in Resources */ = {isa = PBXBuildFile; fileRef = 581BAD4C1D46025300E18F5E /* DemoPreprocessor.js */; };
		581BAD4F1D46131C00E18F5E /* ShareMenuViewController.swift in Sources */ = {isa = PBXBuildFile; fileRef = 581BAD4E1D46131C00E18F5E /* ShareMenuViewController.swift */; };
		581BAD511D46133C00E18F5E /* ShareSelectViewController.swift in Sources */ = {isa = PBXBuildFile; fileRef = 581BAD501D46133C00E18F5E /* ShareSelectViewController.swift */; };
		584EAA891D48B48E00259DF7 /* PhotosUI.framework in Frameworks */ = {isa = PBXBuildFile; fileRef = 584EAA881D48B48E00259DF7 /* PhotosUI.framework */; };
		584EAA8B1D48B48E00259DF7 /* Photos.framework in Frameworks */ = {isa = PBXBuildFile; fileRef = 584EAA8A1D48B48E00259DF7 /* Photos.framework */; };
		584EAA8E1D48B48E00259DF7 /* PhotoEditingViewController.swift in Sources */ = {isa = PBXBuildFile; fileRef = 584EAA8D1D48B48E00259DF7 /* PhotoEditingViewController.swift */; };
		584EAA911D48B48E00259DF7 /* MainInterface.storyboard in Resources */ = {isa = PBXBuildFile; fileRef = 584EAA8F1D48B48E00259DF7 /* MainInterface.storyboard */; };
		584EAA951D48B48E00259DF7 /* PhotoEditingExtension.appex in Embed App Extensions */ = {isa = PBXBuildFile; fileRef = 584EAA871D48B48E00259DF7 /* PhotoEditingExtension.appex */; settings = {ATTRIBUTES = (RemoveHeadersOnCopy, ); }; };
		584EAAA11D48B8BE00259DF7 /* ContentEditingController.swift in Sources */ = {isa = PBXBuildFile; fileRef = 584EAAA01D48B8BE00259DF7 /* ContentEditingController.swift */; };
		584EAAA21D48BB0F00259DF7 /* Assets.xcassets in Resources */ = {isa = PBXBuildFile; fileRef = 0ACE7C1C1D3E5B1300EB209D /* Assets.xcassets */; };
		58571F771D4B3D68009B1DE5 /* RequestHandler.swift in Sources */ = {isa = PBXBuildFile; fileRef = 58571F761D4B3D68009B1DE5 /* RequestHandler.swift */; };
		58571F7B1D4B3D68009B1DE5 /* SharedLinksExtension.appex in Embed App Extensions */ = {isa = PBXBuildFile; fileRef = 58571F741D4B3D68009B1DE5 /* SharedLinksExtension.appex */; settings = {ATTRIBUTES = (RemoveHeadersOnCopy, ); }; };
		58571F7F1D4B3D7C009B1DE5 /* Assets.xcassets in Resources */ = {isa = PBXBuildFile; fileRef = 0ACE7C1C1D3E5B1300EB209D /* Assets.xcassets */; };
		58571F811D4B564C009B1DE5 /* appicon.png in Resources */ = {isa = PBXBuildFile; fileRef = 58571F801D4B564C009B1DE5 /* appicon.png */; };
		5870DDC61D4720DE00137F87 /* Assets.xcassets in Resources */ = {isa = PBXBuildFile; fileRef = 5870DDC51D4720DE00137F87 /* Assets.xcassets */; };
		5885D0441D476E1A0061AECE /* Assets.xcassets in Resources */ = {isa = PBXBuildFile; fileRef = 0ACE7C1C1D3E5B1300EB209D /* Assets.xcassets */; };
		5885D0451D476E1A0061AECE /* Assets.xcassets in Resources */ = {isa = PBXBuildFile; fileRef = 0ACE7C1C1D3E5B1300EB209D /* Assets.xcassets */; };
		58A421671D421CC9000595A6 /* DetailViewController.swift in Sources */ = {isa = PBXBuildFile; fileRef = 58A421661D421CC9000595A6 /* DetailViewController.swift */; };
		58FE56931D49F02E002C9F56 /* IndexRequestHandler.swift in Sources */ = {isa = PBXBuildFile; fileRef = 58FE56921D49F02E002C9F56 /* IndexRequestHandler.swift */; };
		58FE56971D49F02E002C9F56 /* SpotlightExtension.appex in Embed App Extensions */ = {isa = PBXBuildFile; fileRef = 58FE56901D49F02E002C9F56 /* SpotlightExtension.appex */; settings = {ATTRIBUTES = (RemoveHeadersOnCopy, ); }; };
		58FE569B1D49F201002C9F56 /* Assets.xcassets in Resources */ = {isa = PBXBuildFile; fileRef = 0ACE7C1C1D3E5B1300EB209D /* Assets.xcassets */; };
		58FE569E1D4A0D10002C9F56 /* data.plist in Resources */ = {isa = PBXBuildFile; fileRef = 58FE569D1D4A0D10002C9F56 /* data.plist */; };
		58FE569F1D4A0D10002C9F56 /* data.plist in Resources */ = {isa = PBXBuildFile; fileRef = 58FE569D1D4A0D10002C9F56 /* data.plist */; };
		58FE56A01D4A0D10002C9F56 /* data.plist in Resources */ = {isa = PBXBuildFile; fileRef = 58FE569D1D4A0D10002C9F56 /* data.plist */; };
		58FE56A11D4A0D10002C9F56 /* data.plist in Resources */ = {isa = PBXBuildFile; fileRef = 58FE569D1D4A0D10002C9F56 /* data.plist */; };
		58FE56A21D4A0D10002C9F56 /* data.plist in Resources */ = {isa = PBXBuildFile; fileRef = 58FE569D1D4A0D10002C9F56 /* data.plist */; };
		58FE56A41D4A0D33002C9F56 /* Hero.swift in Sources */ = {isa = PBXBuildFile; fileRef = 58FE56A31D4A0D33002C9F56 /* Hero.swift */; };
		58FE56A51D4A0D33002C9F56 /* Hero.swift in Sources */ = {isa = PBXBuildFile; fileRef = 58FE56A31D4A0D33002C9F56 /* Hero.swift */; };
		58FE56A61D4A0D33002C9F56 /* Hero.swift in Sources */ = {isa = PBXBuildFile; fileRef = 58FE56A31D4A0D33002C9F56 /* Hero.swift */; };
		58FE56A71D4A0D33002C9F56 /* Hero.swift in Sources */ = {isa = PBXBuildFile; fileRef = 58FE56A31D4A0D33002C9F56 /* Hero.swift */; };
		58FE56A81D4A0D33002C9F56 /* Hero.swift in Sources */ = {isa = PBXBuildFile; fileRef = 58FE56A31D4A0D33002C9F56 /* Hero.swift */; };
/* End PBXBuildFile section */

/* Begin PBXContainerItemProxy section */
		0A2D813C1D4B8E1800E62B0D /* PBXContainerItemProxy */ = {
			isa = PBXContainerItemProxy;
			containerPortal = 0ACE7C0A1D3E5B1300EB209D /* Project object */;
			proxyType = 1;
			remoteGlobalIDString = 0A2D81361D4B8E1800E62B0D;
			remoteInfo = StickerPackExtension;
		};
		0A2D81501D4B99C900E62B0D /* PBXContainerItemProxy */ = {
			isa = PBXContainerItemProxy;
			containerPortal = 0ACE7C0A1D3E5B1300EB209D /* Project object */;
			proxyType = 1;
			remoteGlobalIDString = 0A2D814A1D4B99C900E62B0D;
			remoteInfo = NotificationServiceExtension;
		};
		0ACE7C361D3E5BFC00EB209D /* PBXContainerItemProxy */ = {
			isa = PBXContainerItemProxy;
			containerPortal = 0ACE7C0A1D3E5B1300EB209D /* Project object */;
			proxyType = 1;
			remoteGlobalIDString = 0ACE7C2A1D3E5BFC00EB209D;
			remoteInfo = TodayExtension;
		};
		581BAD391D46019200E18F5E /* PBXContainerItemProxy */ = {
			isa = PBXContainerItemProxy;
			containerPortal = 0ACE7C0A1D3E5B1300EB209D /* Project object */;
			proxyType = 1;
			remoteGlobalIDString = 581BAD301D46019200E18F5E;
			remoteInfo = ShareExtension;
		};
		584EAA931D48B48E00259DF7 /* PBXContainerItemProxy */ = {
			isa = PBXContainerItemProxy;
			containerPortal = 0ACE7C0A1D3E5B1300EB209D /* Project object */;
			proxyType = 1;
			remoteGlobalIDString = 584EAA861D48B48E00259DF7;
			remoteInfo = PhotoEditingExtension;
		};
		58571F791D4B3D68009B1DE5 /* PBXContainerItemProxy */ = {
			isa = PBXContainerItemProxy;
			containerPortal = 0ACE7C0A1D3E5B1300EB209D /* Project object */;
			proxyType = 1;
			remoteGlobalIDString = 58571F731D4B3D68009B1DE5;
			remoteInfo = SharedLinksExtension;
		};
		58FE56951D49F02E002C9F56 /* PBXContainerItemProxy */ = {
			isa = PBXContainerItemProxy;
			containerPortal = 0ACE7C0A1D3E5B1300EB209D /* Project object */;
			proxyType = 1;
			remoteGlobalIDString = 58FE568F1D49F02E002C9F56;
			remoteInfo = SpotlightExtension;
		};
/* End PBXContainerItemProxy section */

/* Begin PBXCopyFilesBuildPhase section */
		0ACE7C3C1D3E5BFC00EB209D /* Embed App Extensions */ = {
			isa = PBXCopyFilesBuildPhase;
			buildActionMask = 2147483647;
			dstPath = "";
			dstSubfolderSpec = 13;
			files = (
				584EAA951D48B48E00259DF7 /* PhotoEditingExtension.appex in Embed App Extensions */,
				581BAD3B1D46019200E18F5E /* ShareExtension.appex in Embed App Extensions */,
				58571F7B1D4B3D68009B1DE5 /* SharedLinksExtension.appex in Embed App Extensions */,
				0A2D81521D4B99C900E62B0D /* NotificationServiceExtension.appex in Embed App Extensions */,
				0ACE7C381D3E5BFC00EB209D /* TodayExtension.appex in Embed App Extensions */,
				58FE56971D49F02E002C9F56 /* SpotlightExtension.appex in Embed App Extensions */,
				0A2D813E1D4B8E1800E62B0D /* StickerPackExtension.appex in Embed App Extensions */,
			);
			name = "Embed App Extensions";
			runOnlyForDeploymentPostprocessing = 0;
		};
/* End PBXCopyFilesBuildPhase section */

/* Begin PBXFileReference section */
		0A2D81371D4B8E1800E62B0D /* StickerPackExtension.appex */ = {isa = PBXFileReference; explicitFileType = "wrapper.app-extension"; includeInIndex = 0; path = StickerPackExtension.appex; sourceTree = BUILT_PRODUCTS_DIR; };
		0A2D813B1D4B8E1800E62B0D /* Info.plist */ = {isa = PBXFileReference; lastKnownFileType = text.plist.xml; path = Info.plist; sourceTree = "<group>"; };
		0A2D81451D4B983A00E62B0D /* Stickers.xcstickers */ = {isa = PBXFileReference; lastKnownFileType = folder.stickers; path = Stickers.xcstickers; sourceTree = "<group>"; };
		0A2D814B1D4B99C900E62B0D /* NotificationServiceExtension.appex */ = {isa = PBXFileReference; explicitFileType = "wrapper.app-extension"; includeInIndex = 0; path = NotificationServiceExtension.appex; sourceTree = BUILT_PRODUCTS_DIR; };
		0A2D814D1D4B99C900E62B0D /* NotificationService.swift */ = {isa = PBXFileReference; lastKnownFileType = sourcecode.swift; path = NotificationService.swift; sourceTree = "<group>"; };
		0A2D814F1D4B99C900E62B0D /* Info.plist */ = {isa = PBXFileReference; lastKnownFileType = text.plist.xml; path = Info.plist; sourceTree = "<group>"; };
		0A3736241D48F13700EB80B5 /* Logo_WWDC2016.png */ = {isa = PBXFileReference; lastKnownFileType = image.png; path = Logo_WWDC2016.png; sourceTree = "<group>"; };
		0A3C93411D3F214D0070E424 /* NotificationCenter.framework */ = {isa = PBXFileReference; lastKnownFileType = wrapper.framework; name = NotificationCenter.framework; path = System/Library/Frameworks/NotificationCenter.framework; sourceTree = SDKROOT; };
		0ACE7C121D3E5B1300EB209D /* ApplicationExtensionsPractice.app */ = {isa = PBXFileReference; explicitFileType = wrapper.application; includeInIndex = 0; path = ApplicationExtensionsPractice.app; sourceTree = BUILT_PRODUCTS_DIR; };
		0ACE7C151D3E5B1300EB209D /* AppDelegate.swift */ = {isa = PBXFileReference; lastKnownFileType = sourcecode.swift; path = AppDelegate.swift; sourceTree = "<group>"; };
		0ACE7C171D3E5B1300EB209D /* ViewController.swift */ = {isa = PBXFileReference; lastKnownFileType = sourcecode.swift; path = ViewController.swift; sourceTree = "<group>"; };
		0ACE7C1A1D3E5B1300EB209D /* Base */ = {isa = PBXFileReference; lastKnownFileType = file.storyboard; name = Base; path = Base.lproj/Main.storyboard; sourceTree = "<group>"; };
		0ACE7C1C1D3E5B1300EB209D /* Assets.xcassets */ = {isa = PBXFileReference; lastKnownFileType = folder.assetcatalog; path = Assets.xcassets; sourceTree = "<group>"; };
		0ACE7C1F1D3E5B1300EB209D /* Base */ = {isa = PBXFileReference; lastKnownFileType = file.storyboard; name = Base; path = Base.lproj/LaunchScreen.storyboard; sourceTree = "<group>"; };
		0ACE7C211D3E5B1300EB209D /* Info.plist */ = {isa = PBXFileReference; lastKnownFileType = text.plist.xml; path = Info.plist; sourceTree = "<group>"; };
		0ACE7C2B1D3E5BFC00EB209D /* TodayExtension.appex */ = {isa = PBXFileReference; explicitFileType = "wrapper.app-extension"; includeInIndex = 0; path = TodayExtension.appex; sourceTree = BUILT_PRODUCTS_DIR; };
		0ACE7C301D3E5BFC00EB209D /* TodayViewController.swift */ = {isa = PBXFileReference; lastKnownFileType = sourcecode.swift; path = TodayViewController.swift; sourceTree = "<group>"; };
		0ACE7C331D3E5BFC00EB209D /* Base */ = {isa = PBXFileReference; lastKnownFileType = file.storyboard; name = Base; path = Base.lproj/MainInterface.storyboard; sourceTree = "<group>"; };
		0ACE7C351D3E5BFC00EB209D /* Info.plist */ = {isa = PBXFileReference; lastKnownFileType = text.plist.xml; path = Info.plist; sourceTree = "<group>"; };
		581BAD0F1D45FE2800E18F5E /* MMWormhole.h */ = {isa = PBXFileReference; fileEncoding = 4; lastKnownFileType = sourcecode.c.h; path = MMWormhole.h; sourceTree = "<group>"; };
		581BAD101D45FE2800E18F5E /* MMWormhole.m */ = {isa = PBXFileReference; fileEncoding = 4; lastKnownFileType = sourcecode.c.objc; path = MMWormhole.m; sourceTree = "<group>"; };
		581BAD111D45FE2800E18F5E /* MMWormholeCoordinatedFileTransiting.h */ = {isa = PBXFileReference; fileEncoding = 4; lastKnownFileType = sourcecode.c.h; path = MMWormholeCoordinatedFileTransiting.h; sourceTree = "<group>"; };
		581BAD121D45FE2800E18F5E /* MMWormholeCoordinatedFileTransiting.m */ = {isa = PBXFileReference; fileEncoding = 4; lastKnownFileType = sourcecode.c.objc; path = MMWormholeCoordinatedFileTransiting.m; sourceTree = "<group>"; };
		581BAD131D45FE2800E18F5E /* MMWormholeFileTransiting.h */ = {isa = PBXFileReference; fileEncoding = 4; lastKnownFileType = sourcecode.c.h; path = MMWormholeFileTransiting.h; sourceTree = "<group>"; };
		581BAD141D45FE2800E18F5E /* MMWormholeFileTransiting.m */ = {isa = PBXFileReference; fileEncoding = 4; lastKnownFileType = sourcecode.c.objc; path = MMWormholeFileTransiting.m; sourceTree = "<group>"; };
		581BAD151D45FE2800E18F5E /* MMWormholeSession.h */ = {isa = PBXFileReference; fileEncoding = 4; lastKnownFileType = sourcecode.c.h; path = MMWormholeSession.h; sourceTree = "<group>"; };
		581BAD161D45FE2800E18F5E /* MMWormholeSession.m */ = {isa = PBXFileReference; fileEncoding = 4; lastKnownFileType = sourcecode.c.objc; path = MMWormholeSession.m; sourceTree = "<group>"; };
		581BAD171D45FE2800E18F5E /* MMWormholeSessionContextTransiting.h */ = {isa = PBXFileReference; fileEncoding = 4; lastKnownFileType = sourcecode.c.h; path = MMWormholeSessionContextTransiting.h; sourceTree = "<group>"; };
		581BAD181D45FE2800E18F5E /* MMWormholeSessionContextTransiting.m */ = {isa = PBXFileReference; fileEncoding = 4; lastKnownFileType = sourcecode.c.objc; path = MMWormholeSessionContextTransiting.m; sourceTree = "<group>"; };
		581BAD191D45FE2800E18F5E /* MMWormholeSessionFileTransiting.h */ = {isa = PBXFileReference; fileEncoding = 4; lastKnownFileType = sourcecode.c.h; path = MMWormholeSessionFileTransiting.h; sourceTree = "<group>"; };
		581BAD1A1D45FE2800E18F5E /* MMWormholeSessionFileTransiting.m */ = {isa = PBXFileReference; fileEncoding = 4; lastKnownFileType = sourcecode.c.objc; path = MMWormholeSessionFileTransiting.m; sourceTree = "<group>"; };
		581BAD1B1D45FE2800E18F5E /* MMWormholeSessionMessageTransiting.h */ = {isa = PBXFileReference; fileEncoding = 4; lastKnownFileType = sourcecode.c.h; path = MMWormholeSessionMessageTransiting.h; sourceTree = "<group>"; };
		581BAD1C1D45FE2800E18F5E /* MMWormholeSessionMessageTransiting.m */ = {isa = PBXFileReference; fileEncoding = 4; lastKnownFileType = sourcecode.c.objc; path = MMWormholeSessionMessageTransiting.m; sourceTree = "<group>"; };
		581BAD1D1D45FE2800E18F5E /* MMWormholeTransiting.h */ = {isa = PBXFileReference; fileEncoding = 4; lastKnownFileType = sourcecode.c.h; path = MMWormholeTransiting.h; sourceTree = "<group>"; };
		581BAD2C1D45FF0000E18F5E /* ApplicationExtensionsPractice-Bridging-Header.h */ = {isa = PBXFileReference; lastKnownFileType = sourcecode.c.h; path = "ApplicationExtensionsPractice-Bridging-Header.h"; sourceTree = "<group>"; };
		581BAD311D46019200E18F5E /* ShareExtension.appex */ = {isa = PBXFileReference; explicitFileType = "wrapper.app-extension"; includeInIndex = 0; path = ShareExtension.appex; sourceTree = BUILT_PRODUCTS_DIR; };
		581BAD331D46019200E18F5E /* ShareViewController.swift */ = {isa = PBXFileReference; lastKnownFileType = sourcecode.swift; path = ShareViewController.swift; sourceTree = "<group>"; };
		581BAD361D46019200E18F5E /* Base */ = {isa = PBXFileReference; lastKnownFileType = file.storyboard; name = Base; path = Base.lproj/MainInterface.storyboard; sourceTree = "<group>"; };
		581BAD381D46019200E18F5E /* Info.plist */ = {isa = PBXFileReference; lastKnownFileType = text.plist.xml; path = Info.plist; sourceTree = "<group>"; };
		581BAD3F1D4601CA00E18F5E /* ShareExtension.entitlements */ = {isa = PBXFileReference; lastKnownFileType = text.xml; path = ShareExtension.entitlements; sourceTree = "<group>"; };
		581BAD4C1D46025300E18F5E /* DemoPreprocessor.js */ = {isa = PBXFileReference; fileEncoding = 4; lastKnownFileType = sourcecode.javascript; path = DemoPreprocessor.js; sourceTree = "<group>"; };
		581BAD4E1D46131C00E18F5E /* ShareMenuViewController.swift */ = {isa = PBXFileReference; fileEncoding = 4; lastKnownFileType = sourcecode.swift; path = ShareMenuViewController.swift; sourceTree = "<group>"; };
		581BAD501D46133C00E18F5E /* ShareSelectViewController.swift */ = {isa = PBXFileReference; fileEncoding = 4; lastKnownFileType = sourcecode.swift; path = ShareSelectViewController.swift; sourceTree = "<group>"; };
		584EAA871D48B48E00259DF7 /* PhotoEditingExtension.appex */ = {isa = PBXFileReference; explicitFileType = "wrapper.app-extension"; includeInIndex = 0; path = PhotoEditingExtension.appex; sourceTree = BUILT_PRODUCTS_DIR; };
		584EAA881D48B48E00259DF7 /* PhotosUI.framework */ = {isa = PBXFileReference; lastKnownFileType = wrapper.framework; name = PhotosUI.framework; path = System/Library/Frameworks/PhotosUI.framework; sourceTree = SDKROOT; };
		584EAA8A1D48B48E00259DF7 /* Photos.framework */ = {isa = PBXFileReference; lastKnownFileType = wrapper.framework; name = Photos.framework; path = System/Library/Frameworks/Photos.framework; sourceTree = SDKROOT; };
		584EAA8D1D48B48E00259DF7 /* PhotoEditingViewController.swift */ = {isa = PBXFileReference; lastKnownFileType = sourcecode.swift; path = PhotoEditingViewController.swift; sourceTree = "<group>"; };
		584EAA901D48B48E00259DF7 /* Base */ = {isa = PBXFileReference; lastKnownFileType = file.storyboard; name = Base; path = Base.lproj/MainInterface.storyboard; sourceTree = "<group>"; };
		584EAA921D48B48E00259DF7 /* Info.plist */ = {isa = PBXFileReference; lastKnownFileType = text.plist.xml; path = Info.plist; sourceTree = "<group>"; };
		584EAAA01D48B8BE00259DF7 /* ContentEditingController.swift */ = {isa = PBXFileReference; fileEncoding = 4; lastKnownFileType = sourcecode.swift; path = ContentEditingController.swift; sourceTree = "<group>"; };
		58571F741D4B3D68009B1DE5 /* SharedLinksExtension.appex */ = {isa = PBXFileReference; explicitFileType = "wrapper.app-extension"; includeInIndex = 0; path = SharedLinksExtension.appex; sourceTree = BUILT_PRODUCTS_DIR; };
		58571F761D4B3D68009B1DE5 /* RequestHandler.swift */ = {isa = PBXFileReference; lastKnownFileType = sourcecode.swift; path = RequestHandler.swift; sourceTree = "<group>"; };
		58571F781D4B3D68009B1DE5 /* Info.plist */ = {isa = PBXFileReference; lastKnownFileType = text.plist.xml; path = Info.plist; sourceTree = "<group>"; };
		58571F801D4B564C009B1DE5 /* appicon.png */ = {isa = PBXFileReference; lastKnownFileType = image.png; path = appicon.png; sourceTree = "<group>"; };
		585CF0AE1D3F786D00C9CD7C /* TodayExtension.entitlements */ = {isa = PBXFileReference; lastKnownFileType = text.xml; path = TodayExtension.entitlements; sourceTree = "<group>"; };
		585CF0AF1D3F78A100C9CD7C /* ApplicationExtensionsPractice.entitlements */ = {isa = PBXFileReference; lastKnownFileType = text.xml; path = ApplicationExtensionsPractice.entitlements; sourceTree = "<group>"; };
		5870DDC51D4720DE00137F87 /* Assets.xcassets */ = {isa = PBXFileReference; lastKnownFileType = folder.assetcatalog; path = Assets.xcassets; sourceTree = "<group>"; };
		58A421661D421CC9000595A6 /* DetailViewController.swift */ = {isa = PBXFileReference; fileEncoding = 4; lastKnownFileType = sourcecode.swift; path = DetailViewController.swift; sourceTree = "<group>"; };
		58FE56901D49F02E002C9F56 /* SpotlightExtension.appex */ = {isa = PBXFileReference; explicitFileType = "wrapper.app-extension"; includeInIndex = 0; path = SpotlightExtension.appex; sourceTree = BUILT_PRODUCTS_DIR; };
		58FE56921D49F02E002C9F56 /* IndexRequestHandler.swift */ = {isa = PBXFileReference; lastKnownFileType = sourcecode.swift; path = IndexRequestHandler.swift; sourceTree = "<group>"; };
		58FE56941D49F02E002C9F56 /* Info.plist */ = {isa = PBXFileReference; lastKnownFileType = text.plist.xml; path = Info.plist; sourceTree = "<group>"; };
		58FE569D1D4A0D10002C9F56 /* data.plist */ = {isa = PBXFileReference; fileEncoding = 4; lastKnownFileType = text.plist.xml; path = data.plist; sourceTree = "<group>"; };
		58FE56A31D4A0D33002C9F56 /* Hero.swift */ = {isa = PBXFileReference; fileEncoding = 4; lastKnownFileType = sourcecode.swift; path = Hero.swift; sourceTree = "<group>"; };
/* End PBXFileReference section */

/* Begin PBXFrameworksBuildPhase section */
		0A2D81481D4B99C900E62B0D /* Frameworks */ = {
			isa = PBXFrameworksBuildPhase;
			buildActionMask = 2147483647;
			files = (
			);
			runOnlyForDeploymentPostprocessing = 0;
		};
		0ACE7C0F1D3E5B1300EB209D /* Frameworks */ = {
			isa = PBXFrameworksBuildPhase;
			buildActionMask = 2147483647;
			files = (
			);
			runOnlyForDeploymentPostprocessing = 0;
		};
		0ACE7C281D3E5BFC00EB209D /* Frameworks */ = {
			isa = PBXFrameworksBuildPhase;
			buildActionMask = 2147483647;
			files = (
				0A3C93421D3F214D0070E424 /* NotificationCenter.framework in Frameworks */,
			);
			runOnlyForDeploymentPostprocessing = 0;
		};
		581BAD2E1D46019200E18F5E /* Frameworks */ = {
			isa = PBXFrameworksBuildPhase;
			buildActionMask = 2147483647;
			files = (
			);
			runOnlyForDeploymentPostprocessing = 0;
		};
		584EAA841D48B48E00259DF7 /* Frameworks */ = {
			isa = PBXFrameworksBuildPhase;
			buildActionMask = 2147483647;
			files = (
				584EAA891D48B48E00259DF7 /* PhotosUI.framework in Frameworks */,
				584EAA8B1D48B48E00259DF7 /* Photos.framework in Frameworks */,
			);
			runOnlyForDeploymentPostprocessing = 0;
		};
		58571F711D4B3D68009B1DE5 /* Frameworks */ = {
			isa = PBXFrameworksBuildPhase;
			buildActionMask = 2147483647;
			files = (
			);
			runOnlyForDeploymentPostprocessing = 0;
		};
		58FE568D1D49F02E002C9F56 /* Frameworks */ = {
			isa = PBXFrameworksBuildPhase;
			buildActionMask = 2147483647;
			files = (
			);
			runOnlyForDeploymentPostprocessing = 0;
		};
/* End PBXFrameworksBuildPhase section */

/* Begin PBXGroup section */
		0A2D81381D4B8E1800E62B0D /* StickerPackExtension */ = {
			isa = PBXGroup;
			children = (
				0A2D81451D4B983A00E62B0D /* Stickers.xcstickers */,
				0A2D813B1D4B8E1800E62B0D /* Info.plist */,
			);
			path = StickerPackExtension;
			sourceTree = "<group>";
		};
		0A2D814C1D4B99C900E62B0D /* NotificationServiceExtension */ = {
			isa = PBXGroup;
			children = (
				0A2D814D1D4B99C900E62B0D /* NotificationService.swift */,
				0A2D814F1D4B99C900E62B0D /* Info.plist */,
			);
			path = NotificationServiceExtension;
			sourceTree = "<group>";
		};
		0ACE7C091D3E5B1300EB209D = {
			isa = PBXGroup;
			children = (
				581BAD2C1D45FF0000E18F5E /* ApplicationExtensionsPractice-Bridging-Header.h */,
				581BAD0E1D45FE2800E18F5E /* MMWormhole */,
				0ACE7C141D3E5B1300EB209D /* ApplicationExtensionsPractice */,
				0ACE7C2F1D3E5BFC00EB209D /* TodayExtension */,
				581BAD321D46019200E18F5E /* ShareExtension */,
				584EAA8C1D48B48E00259DF7 /* PhotoEditingExtension */,
				58FE56911D49F02E002C9F56 /* SpotlightExtension */,
				58571F751D4B3D68009B1DE5 /* SharedLinksExtension */,
				0A2D81381D4B8E1800E62B0D /* StickerPackExtension */,
				0A2D814C1D4B99C900E62B0D /* NotificationServiceExtension */,
				0ACE7C2C1D3E5BFC00EB209D /* Frameworks */,
				0ACE7C131D3E5B1300EB209D /* Products */,
			);
			sourceTree = "<group>";
		};
		0ACE7C131D3E5B1300EB209D /* Products */ = {
			isa = PBXGroup;
			children = (
				0ACE7C121D3E5B1300EB209D /* ApplicationExtensionsPractice.app */,
				0ACE7C2B1D3E5BFC00EB209D /* TodayExtension.appex */,
				581BAD311D46019200E18F5E /* ShareExtension.appex */,
				584EAA871D48B48E00259DF7 /* PhotoEditingExtension.appex */,
				58FE56901D49F02E002C9F56 /* SpotlightExtension.appex */,
				58571F741D4B3D68009B1DE5 /* SharedLinksExtension.appex */,
				0A2D81371D4B8E1800E62B0D /* StickerPackExtension.appex */,
				0A2D814B1D4B99C900E62B0D /* NotificationServiceExtension.appex */,
			);
			name = Products;
			sourceTree = "<group>";
		};
		0ACE7C141D3E5B1300EB209D /* ApplicationExtensionsPractice */ = {
			isa = PBXGroup;
			children = (
				58FE569C1D4A0D10002C9F56 /* Models */,
				585CF0AF1D3F78A100C9CD7C /* ApplicationExtensionsPractice.entitlements */,
				0ACE7C151D3E5B1300EB209D /* AppDelegate.swift */,
				0ACE7C171D3E5B1300EB209D /* ViewController.swift */,
				58A421661D421CC9000595A6 /* DetailViewController.swift */,
				0ACE7C191D3E5B1300EB209D /* Main.storyboard */,
				0ACE7C1C1D3E5B1300EB209D /* Assets.xcassets */,
				0ACE7C1E1D3E5B1300EB209D /* LaunchScreen.storyboard */,
				0ACE7C211D3E5B1300EB209D /* Info.plist */,
			);
			path = ApplicationExtensionsPractice;
			sourceTree = "<group>";
		};
		0ACE7C2C1D3E5BFC00EB209D /* Frameworks */ = {
			isa = PBXGroup;
			children = (
				0A3C93411D3F214D0070E424 /* NotificationCenter.framework */,
				584EAA881D48B48E00259DF7 /* PhotosUI.framework */,
				584EAA8A1D48B48E00259DF7 /* Photos.framework */,
			);
			name = Frameworks;
			sourceTree = "<group>";
		};
		0ACE7C2F1D3E5BFC00EB209D /* TodayExtension */ = {
			isa = PBXGroup;
			children = (
				585CF0AE1D3F786D00C9CD7C /* TodayExtension.entitlements */,
				0ACE7C301D3E5BFC00EB209D /* TodayViewController.swift */,
				0ACE7C321D3E5BFC00EB209D /* MainInterface.storyboard */,
				0ACE7C351D3E5BFC00EB209D /* Info.plist */,
			);
			path = TodayExtension;
			sourceTree = "<group>";
		};
		581BAD0E1D45FE2800E18F5E /* MMWormhole */ = {
			isa = PBXGroup;
			children = (
				581BAD0F1D45FE2800E18F5E /* MMWormhole.h */,
				581BAD101D45FE2800E18F5E /* MMWormhole.m */,
				581BAD111D45FE2800E18F5E /* MMWormholeCoordinatedFileTransiting.h */,
				581BAD121D45FE2800E18F5E /* MMWormholeCoordinatedFileTransiting.m */,
				581BAD131D45FE2800E18F5E /* MMWormholeFileTransiting.h */,
				581BAD141D45FE2800E18F5E /* MMWormholeFileTransiting.m */,
				581BAD151D45FE2800E18F5E /* MMWormholeSession.h */,
				581BAD161D45FE2800E18F5E /* MMWormholeSession.m */,
				581BAD171D45FE2800E18F5E /* MMWormholeSessionContextTransiting.h */,
				581BAD181D45FE2800E18F5E /* MMWormholeSessionContextTransiting.m */,
				581BAD191D45FE2800E18F5E /* MMWormholeSessionFileTransiting.h */,
				581BAD1A1D45FE2800E18F5E /* MMWormholeSessionFileTransiting.m */,
				581BAD1B1D45FE2800E18F5E /* MMWormholeSessionMessageTransiting.h */,
				581BAD1C1D45FE2800E18F5E /* MMWormholeSessionMessageTransiting.m */,
				581BAD1D1D45FE2800E18F5E /* MMWormholeTransiting.h */,
			);
			path = MMWormhole;
			sourceTree = "<group>";
		};
		581BAD321D46019200E18F5E /* ShareExtension */ = {
			isa = PBXGroup;
			children = (
				581BAD3F1D4601CA00E18F5E /* ShareExtension.entitlements */,
				581BAD4C1D46025300E18F5E /* DemoPreprocessor.js */,
				581BAD331D46019200E18F5E /* ShareViewController.swift */,
				581BAD4E1D46131C00E18F5E /* ShareMenuViewController.swift */,
				581BAD501D46133C00E18F5E /* ShareSelectViewController.swift */,
				581BAD351D46019200E18F5E /* MainInterface.storyboard */,
				5870DDC51D4720DE00137F87 /* Assets.xcassets */,
				581BAD381D46019200E18F5E /* Info.plist */,
			);
			path = ShareExtension;
			sourceTree = "<group>";
		};
		584EAA8C1D48B48E00259DF7 /* PhotoEditingExtension */ = {
			isa = PBXGroup;
			children = (
				584EAAA01D48B8BE00259DF7 /* ContentEditingController.swift */,
				584EAA8D1D48B48E00259DF7 /* PhotoEditingViewController.swift */,
				584EAA8F1D48B48E00259DF7 /* MainInterface.storyboard */,
				584EAA921D48B48E00259DF7 /* Info.plist */,
				0A3736241D48F13700EB80B5 /* Logo_WWDC2016.png */,
			);
			path = PhotoEditingExtension;
			sourceTree = "<group>";
		};
		58571F751D4B3D68009B1DE5 /* SharedLinksExtension */ = {
			isa = PBXGroup;
			children = (
				58571F761D4B3D68009B1DE5 /* RequestHandler.swift */,
				58571F801D4B564C009B1DE5 /* appicon.png */,
				58571F781D4B3D68009B1DE5 /* Info.plist */,
			);
			path = SharedLinksExtension;
			sourceTree = "<group>";
		};
		58FE56911D49F02E002C9F56 /* SpotlightExtension */ = {
			isa = PBXGroup;
			children = (
				58FE56921D49F02E002C9F56 /* IndexRequestHandler.swift */,
				58FE56941D49F02E002C9F56 /* Info.plist */,
			);
			path = SpotlightExtension;
			sourceTree = "<group>";
		};
		58FE569C1D4A0D10002C9F56 /* Models */ = {
			isa = PBXGroup;
			children = (
				58FE569D1D4A0D10002C9F56 /* data.plist */,
				58FE56A31D4A0D33002C9F56 /* Hero.swift */,
			);
			path = Models;
			sourceTree = "<group>";
		};
/* End PBXGroup section */

/* Begin PBXNativeTarget section */
		0A2D81361D4B8E1800E62B0D /* StickerPackExtension */ = {
			isa = PBXNativeTarget;
			buildConfigurationList = 0A2D81411D4B8E1800E62B0D /* Build configuration list for PBXNativeTarget "StickerPackExtension" */;
			buildPhases = (
				0A2D81351D4B8E1800E62B0D /* Resources */,
			);
			buildRules = (
			);
			dependencies = (
			);
			name = StickerPackExtension;
			productName = StickerPackExtension;
			productReference = 0A2D81371D4B8E1800E62B0D /* StickerPackExtension.appex */;
			productType = "com.apple.product-type.app-extension.messages-sticker-pack";
		};
		0A2D814A1D4B99C900E62B0D /* NotificationServiceExtension */ = {
			isa = PBXNativeTarget;
			buildConfigurationList = 0A2D81531D4B99C900E62B0D /* Build configuration list for PBXNativeTarget "NotificationServiceExtension" */;
			buildPhases = (
				0A2D81471D4B99C900E62B0D /* Sources */,
				0A2D81481D4B99C900E62B0D /* Frameworks */,
				0A2D81491D4B99C900E62B0D /* Resources */,
			);
			buildRules = (
			);
			dependencies = (
			);
			name = NotificationServiceExtension;
			productName = NotificationServiceExtension;
			productReference = 0A2D814B1D4B99C900E62B0D /* NotificationServiceExtension.appex */;
			productType = "com.apple.product-type.app-extension";
		};
		0ACE7C111D3E5B1300EB209D /* ApplicationExtensionsPractice */ = {
			isa = PBXNativeTarget;
			buildConfigurationList = 0ACE7C241D3E5B1300EB209D /* Build configuration list for PBXNativeTarget "ApplicationExtensionsPractice" */;
			buildPhases = (
				0ACE7C0E1D3E5B1300EB209D /* Sources */,
				0ACE7C0F1D3E5B1300EB209D /* Frameworks */,
				0ACE7C101D3E5B1300EB209D /* Resources */,
				0ACE7C3C1D3E5BFC00EB209D /* Embed App Extensions */,
			);
			buildRules = (
			);
			dependencies = (
				0ACE7C371D3E5BFC00EB209D /* PBXTargetDependency */,
				581BAD3A1D46019200E18F5E /* PBXTargetDependency */,
				584EAA941D48B48E00259DF7 /* PBXTargetDependency */,
				58FE56961D49F02E002C9F56 /* PBXTargetDependency */,
				58571F7A1D4B3D68009B1DE5 /* PBXTargetDependency */,
				0A2D813D1D4B8E1800E62B0D /* PBXTargetDependency */,
				0A2D81511D4B99C900E62B0D /* PBXTargetDependency */,
			);
			name = ApplicationExtensionsPractice;
			productName = ApplicationExtensionsPractice;
			productReference = 0ACE7C121D3E5B1300EB209D /* ApplicationExtensionsPractice.app */;
			productType = "com.apple.product-type.application";
		};
		0ACE7C2A1D3E5BFC00EB209D /* TodayExtension */ = {
			isa = PBXNativeTarget;
			buildConfigurationList = 0ACE7C391D3E5BFC00EB209D /* Build configuration list for PBXNativeTarget "TodayExtension" */;
			buildPhases = (
				0ACE7C271D3E5BFC00EB209D /* Sources */,
				0ACE7C281D3E5BFC00EB209D /* Frameworks */,
				0ACE7C291D3E5BFC00EB209D /* Resources */,
			);
			buildRules = (
			);
			dependencies = (
			);
			name = TodayExtension;
			productName = TodayExtension;
			productReference = 0ACE7C2B1D3E5BFC00EB209D /* TodayExtension.appex */;
			productType = "com.apple.product-type.app-extension";
		};
		581BAD301D46019200E18F5E /* ShareExtension */ = {
			isa = PBXNativeTarget;
			buildConfigurationList = 581BAD3C1D46019200E18F5E /* Build configuration list for PBXNativeTarget "ShareExtension" */;
			buildPhases = (
				581BAD2D1D46019200E18F5E /* Sources */,
				581BAD2E1D46019200E18F5E /* Frameworks */,
				581BAD2F1D46019200E18F5E /* Resources */,
			);
			buildRules = (
			);
			dependencies = (
			);
			name = ShareExtension;
			productName = ShareExtension;
			productReference = 581BAD311D46019200E18F5E /* ShareExtension.appex */;
			productType = "com.apple.product-type.app-extension";
		};
		584EAA861D48B48E00259DF7 /* PhotoEditingExtension */ = {
			isa = PBXNativeTarget;
			buildConfigurationList = 584EAA961D48B48E00259DF7 /* Build configuration list for PBXNativeTarget "PhotoEditingExtension" */;
			buildPhases = (
				584EAA831D48B48E00259DF7 /* Sources */,
				584EAA841D48B48E00259DF7 /* Frameworks */,
				584EAA851D48B48E00259DF7 /* Resources */,
			);
			buildRules = (
			);
			dependencies = (
			);
			name = PhotoEditingExtension;
			productName = PhotoEditingExtension;
			productReference = 584EAA871D48B48E00259DF7 /* PhotoEditingExtension.appex */;
			productType = "com.apple.product-type.app-extension";
		};
		58571F731D4B3D68009B1DE5 /* SharedLinksExtension */ = {
			isa = PBXNativeTarget;
			buildConfigurationList = 58571F7E1D4B3D68009B1DE5 /* Build configuration list for PBXNativeTarget "SharedLinksExtension" */;
			buildPhases = (
				58571F701D4B3D68009B1DE5 /* Sources */,
				58571F711D4B3D68009B1DE5 /* Frameworks */,
				58571F721D4B3D68009B1DE5 /* Resources */,
			);
			buildRules = (
			);
			dependencies = (
			);
			name = SharedLinksExtension;
			productName = SharedLinksExtension;
			productReference = 58571F741D4B3D68009B1DE5 /* SharedLinksExtension.appex */;
			productType = "com.apple.product-type.app-extension";
		};
		58FE568F1D49F02E002C9F56 /* SpotlightExtension */ = {
			isa = PBXNativeTarget;
			buildConfigurationList = 58FE56981D49F02E002C9F56 /* Build configuration list for PBXNativeTarget "SpotlightExtension" */;
			buildPhases = (
				58FE568C1D49F02E002C9F56 /* Sources */,
				58FE568D1D49F02E002C9F56 /* Frameworks */,
				58FE568E1D49F02E002C9F56 /* Resources */,
			);
			buildRules = (
			);
			dependencies = (
			);
			name = SpotlightExtension;
			productName = SpotlightExtension;
			productReference = 58FE56901D49F02E002C9F56 /* SpotlightExtension.appex */;
			productType = "com.apple.product-type.app-extension";
		};
/* End PBXNativeTarget section */

/* Begin PBXProject section */
		0ACE7C0A1D3E5B1300EB209D /* Project object */ = {
			isa = PBXProject;
			attributes = {
				LastSwiftUpdateCheck = 0800;
				LastUpgradeCheck = 0800;
				TargetAttributes = {
					0A2D81361D4B8E1800E62B0D = {
						CreatedOnToolsVersion = 8.0;
						DevelopmentTeam = ZLU2H6WNEP;
						DevelopmentTeamName = "Ke Zhang (Personal Team)";
						ProvisioningStyle = Automatic;
					};
					0A2D814A1D4B99C900E62B0D = {
						CreatedOnToolsVersion = 8.0;
						DevelopmentTeam = ZLU2H6WNEP;
						DevelopmentTeamName = "Ke Zhang (Personal Team)";
						ProvisioningStyle = Automatic;
					};
					0ACE7C111D3E5B1300EB209D = {
						CreatedOnToolsVersion = 8.0;
						DevelopmentTeam = ZLU2H6WNEP;
						DevelopmentTeamName = "Ke Zhang (Personal Team)";
						LastSwiftMigration = 0800;
						ProvisioningStyle = Automatic;
						SystemCapabilities = {
							com.apple.ApplicationGroups.iOS = {
								enabled = 1;
							};
						};
					};
					0ACE7C2A1D3E5BFC00EB209D = {
						CreatedOnToolsVersion = 8.0;
						DevelopmentTeam = ZLU2H6WNEP;
						DevelopmentTeamName = "Ke Zhang (Personal Team)";
						ProvisioningStyle = Automatic;
						SystemCapabilities = {
							com.apple.ApplicationGroups.iOS = {
								enabled = 1;
							};
						};
					};
					581BAD301D46019200E18F5E = {
						CreatedOnToolsVersion = 8.0;
						DevelopmentTeam = ZLU2H6WNEP;
						DevelopmentTeamName = "Ke Zhang (Personal Team)";
						ProvisioningStyle = Automatic;
						SystemCapabilities = {
							com.apple.ApplicationGroups.iOS = {
								enabled = 1;
							};
						};
					};
					584EAA861D48B48E00259DF7 = {
						CreatedOnToolsVersion = 8.0;
						DevelopmentTeam = ZLU2H6WNEP;
						DevelopmentTeamName = "Ke Zhang (Personal Team)";
						ProvisioningStyle = Automatic;
					};
					58571F731D4B3D68009B1DE5 = {
						CreatedOnToolsVersion = 8.0;
						DevelopmentTeam = ZLU2H6WNEP;
						DevelopmentTeamName = "Ke Zhang (Personal Team)";
						ProvisioningStyle = Automatic;
					};
					58FE568F1D49F02E002C9F56 = {
						CreatedOnToolsVersion = 8.0;
						DevelopmentTeam = ZLU2H6WNEP;
						DevelopmentTeamName = "Ke Zhang (Personal Team)";
						ProvisioningStyle = Automatic;
					};
				};
			};
			buildConfigurationList = 0ACE7C0D1D3E5B1300EB209D /* Build configuration list for PBXProject "ApplicationExtensionsPractice" */;
			compatibilityVersion = "Xcode 3.2";
			developmentRegion = English;
			hasScannedForEncodings = 0;
			knownRegions = (
				en,
				Base,
			);
			mainGroup = 0ACE7C091D3E5B1300EB209D;
			productRefGroup = 0ACE7C131D3E5B1300EB209D /* Products */;
			projectDirPath = "";
			projectRoot = "";
			targets = (
				0ACE7C111D3E5B1300EB209D /* ApplicationExtensionsPractice */,
				0ACE7C2A1D3E5BFC00EB209D /* TodayExtension */,
				581BAD301D46019200E18F5E /* ShareExtension */,
				584EAA861D48B48E00259DF7 /* PhotoEditingExtension */,
				58FE568F1D49F02E002C9F56 /* SpotlightExtension */,
				58571F731D4B3D68009B1DE5 /* SharedLinksExtension */,
				0A2D81361D4B8E1800E62B0D /* StickerPackExtension */,
				0A2D814A1D4B99C900E62B0D /* NotificationServiceExtension */,
			);
		};
/* End PBXProject section */

/* Begin PBXResourcesBuildPhase section */
		0A2D81351D4B8E1800E62B0D /* Resources */ = {
			isa = PBXResourcesBuildPhase;
			buildActionMask = 2147483647;
			files = (
				0A2D81421D4B8E2000E62B0D /* Assets.xcassets in Resources */,
				0A2D81461D4B983A00E62B0D /* Stickers.xcstickers in Resources */,
			);
			runOnlyForDeploymentPostprocessing = 0;
		};
		0A2D81491D4B99C900E62B0D /* Resources */ = {
			isa = PBXResourcesBuildPhase;
			buildActionMask = 2147483647;
			files = (
			);
			runOnlyForDeploymentPostprocessing = 0;
		};
		0ACE7C101D3E5B1300EB209D /* Resources */ = {
			isa = PBXResourcesBuildPhase;
			buildActionMask = 2147483647;
			files = (
				0ACE7C201D3E5B1300EB209D /* LaunchScreen.storyboard in Resources */,
				0ACE7C1D1D3E5B1300EB209D /* Assets.xcassets in Resources */,
				58FE569E1D4A0D10002C9F56 /* data.plist in Resources */,
				0ACE7C1B1D3E5B1300EB209D /* Main.storyboard in Resources */,
			);
			runOnlyForDeploymentPostprocessing = 0;
		};
		0ACE7C291D3E5BFC00EB209D /* Resources */ = {
			isa = PBXResourcesBuildPhase;
			buildActionMask = 2147483647;
			files = (
				58FE569F1D4A0D10002C9F56 /* data.plist in Resources */,
				5885D0441D476E1A0061AECE /* Assets.xcassets in Resources */,
				0ACE7C341D3E5BFC00EB209D /* MainInterface.storyboard in Resources */,
			);
			runOnlyForDeploymentPostprocessing = 0;
		};
		581BAD2F1D46019200E18F5E /* Resources */ = {
			isa = PBXResourcesBuildPhase;
			buildActionMask = 2147483647;
			files = (
				581BAD4D1D46025300E18F5E /* DemoPreprocessor.js in Resources */,
				5870DDC61D4720DE00137F87 /* Assets.xcassets in Resources */,
				5885D0451D476E1A0061AECE /* Assets.xcassets in Resources */,
				58FE56A01D4A0D10002C9F56 /* data.plist in Resources */,
				581BAD371D46019200E18F5E /* MainInterface.storyboard in Resources */,
			);
			runOnlyForDeploymentPostprocessing = 0;
		};
		584EAA851D48B48E00259DF7 /* Resources */ = {
			isa = PBXResourcesBuildPhase;
			buildActionMask = 2147483647;
			files = (
				0A3736251D48F13700EB80B5 /* Logo_WWDC2016.png in Resources */,
				584EAAA21D48BB0F00259DF7 /* Assets.xcassets in Resources */,
				58FE56A11D4A0D10002C9F56 /* data.plist in Resources */,
				584EAA911D48B48E00259DF7 /* MainInterface.storyboard in Resources */,
			);
			runOnlyForDeploymentPostprocessing = 0;
		};
		58571F721D4B3D68009B1DE5 /* Resources */ = {
			isa = PBXResourcesBuildPhase;
			buildActionMask = 2147483647;
			files = (
				58571F811D4B564C009B1DE5 /* appicon.png in Resources */,
				58571F7F1D4B3D7C009B1DE5 /* Assets.xcassets in Resources */,
			);
			runOnlyForDeploymentPostprocessing = 0;
		};
		58FE568E1D49F02E002C9F56 /* Resources */ = {
			isa = PBXResourcesBuildPhase;
			buildActionMask = 2147483647;
			files = (
				58FE56A21D4A0D10002C9F56 /* data.plist in Resources */,
				58FE569B1D49F201002C9F56 /* Assets.xcassets in Resources */,
			);
			runOnlyForDeploymentPostprocessing = 0;
		};
/* End PBXResourcesBuildPhase section */

/* Begin PBXSourcesBuildPhase section */
		0A2D81471D4B99C900E62B0D /* Sources */ = {
			isa = PBXSourcesBuildPhase;
			buildActionMask = 2147483647;
			files = (
				0A2D814E1D4B99C900E62B0D /* NotificationService.swift in Sources */,
			);
			runOnlyForDeploymentPostprocessing = 0;
		};
		0ACE7C0E1D3E5B1300EB209D /* Sources */ = {
			isa = PBXSourcesBuildPhase;
			buildActionMask = 2147483647;
			files = (
				581BAD281D45FE2800E18F5E /* MMWormholeSessionFileTransiting.m in Sources */,
				58A421671D421CC9000595A6 /* DetailViewController.swift in Sources */,
				581BAD221D45FE2800E18F5E /* MMWormholeFileTransiting.m in Sources */,
				581BAD261D45FE2800E18F5E /* MMWormholeSessionContextTransiting.m in Sources */,
				0ACE7C181D3E5B1300EB209D /* ViewController.swift in Sources */,
				581BAD201D45FE2800E18F5E /* MMWormholeCoordinatedFileTransiting.m in Sources */,
				58FE56A41D4A0D33002C9F56 /* Hero.swift in Sources */,
				581BAD1E1D45FE2800E18F5E /* MMWormhole.m in Sources */,
				0ACE7C161D3E5B1300EB209D /* AppDelegate.swift in Sources */,
				581BAD2A1D45FE2800E18F5E /* MMWormholeSessionMessageTransiting.m in Sources */,
				581BAD241D45FE2800E18F5E /* MMWormholeSession.m in Sources */,
			);
			runOnlyForDeploymentPostprocessing = 0;
		};
		0ACE7C271D3E5BFC00EB209D /* Sources */ = {
			isa = PBXSourcesBuildPhase;
			buildActionMask = 2147483647;
			files = (
				581BAD251D45FE2800E18F5E /* MMWormholeSession.m in Sources */,
				581BAD211D45FE2800E18F5E /* MMWormholeCoordinatedFileTransiting.m in Sources */,
				58FE56A51D4A0D33002C9F56 /* Hero.swift in Sources */,
				581BAD2B1D45FE2800E18F5E /* MMWormholeSessionMessageTransiting.m in Sources */,
				581BAD271D45FE2800E18F5E /* MMWormholeSessionContextTransiting.m in Sources */,
				581BAD1F1D45FE2800E18F5E /* MMWormhole.m in Sources */,
				0ACE7C311D3E5BFC00EB209D /* TodayViewController.swift in Sources */,
				581BAD231D45FE2800E18F5E /* MMWormholeFileTransiting.m in Sources */,
				581BAD291D45FE2800E18F5E /* MMWormholeSessionFileTransiting.m in Sources */,
			);
			runOnlyForDeploymentPostprocessing = 0;
		};
		581BAD2D1D46019200E18F5E /* Sources */ = {
			isa = PBXSourcesBuildPhase;
			buildActionMask = 2147483647;
			files = (
				580BD99F1D47673500A2178C /* MMWormhole.m in Sources */,
				580BD9A01D47673500A2178C /* MMWormholeCoordinatedFileTransiting.m in Sources */,
				580BD9A11D47673500A2178C /* MMWormholeFileTransiting.m in Sources */,
				580BD9A21D47673500A2178C /* MMWormholeSession.m in Sources */,
				580BD9A31D47673500A2178C /* MMWormholeSessionContextTransiting.m in Sources */,
				580BD9A41D47673500A2178C /* MMWormholeSessionFileTransiting.m in Sources */,
				58FE56A61D4A0D33002C9F56 /* Hero.swift in Sources */,
				580BD9A51D47673500A2178C /* MMWormholeSessionMessageTransiting.m in Sources */,
				581BAD341D46019200E18F5E /* ShareViewController.swift in Sources */,
				581BAD511D46133C00E18F5E /* ShareSelectViewController.swift in Sources */,
				581BAD4F1D46131C00E18F5E /* ShareMenuViewController.swift in Sources */,
			);
			runOnlyForDeploymentPostprocessing = 0;
		};
		584EAA831D48B48E00259DF7 /* Sources */ = {
			isa = PBXSourcesBuildPhase;
			buildActionMask = 2147483647;
			files = (
				584EAAA11D48B8BE00259DF7 /* ContentEditingController.swift in Sources */,
				584EAA8E1D48B48E00259DF7 /* PhotoEditingViewController.swift in Sources */,
				58FE56A71D4A0D33002C9F56 /* Hero.swift in Sources */,
			);
			runOnlyForDeploymentPostprocessing = 0;
		};
		58571F701D4B3D68009B1DE5 /* Sources */ = {
			isa = PBXSourcesBuildPhase;
			buildActionMask = 2147483647;
			files = (
				58571F771D4B3D68009B1DE5 /* RequestHandler.swift in Sources */,
			);
			runOnlyForDeploymentPostprocessing = 0;
		};
		58FE568C1D49F02E002C9F56 /* Sources */ = {
			isa = PBXSourcesBuildPhase;
			buildActionMask = 2147483647;
			files = (
				58FE56931D49F02E002C9F56 /* IndexRequestHandler.swift in Sources */,
				58FE56A81D4A0D33002C9F56 /* Hero.swift in Sources */,
			);
			runOnlyForDeploymentPostprocessing = 0;
		};
/* End PBXSourcesBuildPhase section */

/* Begin PBXTargetDependency section */
		0A2D813D1D4B8E1800E62B0D /* PBXTargetDependency */ = {
			isa = PBXTargetDependency;
			target = 0A2D81361D4B8E1800E62B0D /* StickerPackExtension */;
			targetProxy = 0A2D813C1D4B8E1800E62B0D /* PBXContainerItemProxy */;
		};
		0A2D81511D4B99C900E62B0D /* PBXTargetDependency */ = {
			isa = PBXTargetDependency;
			target = 0A2D814A1D4B99C900E62B0D /* NotificationServiceExtension */;
			targetProxy = 0A2D81501D4B99C900E62B0D /* PBXContainerItemProxy */;
		};
		0ACE7C371D3E5BFC00EB209D /* PBXTargetDependency */ = {
			isa = PBXTargetDependency;
			target = 0ACE7C2A1D3E5BFC00EB209D /* TodayExtension */;
			targetProxy = 0ACE7C361D3E5BFC00EB209D /* PBXContainerItemProxy */;
		};
		581BAD3A1D46019200E18F5E /* PBXTargetDependency */ = {
			isa = PBXTargetDependency;
			target = 581BAD301D46019200E18F5E /* ShareExtension */;
			targetProxy = 581BAD391D46019200E18F5E /* PBXContainerItemProxy */;
		};
		584EAA941D48B48E00259DF7 /* PBXTargetDependency */ = {
			isa = PBXTargetDependency;
			target = 584EAA861D48B48E00259DF7 /* PhotoEditingExtension */;
			targetProxy = 584EAA931D48B48E00259DF7 /* PBXContainerItemProxy */;
		};
		58571F7A1D4B3D68009B1DE5 /* PBXTargetDependency */ = {
			isa = PBXTargetDependency;
			target = 58571F731D4B3D68009B1DE5 /* SharedLinksExtension */;
			targetProxy = 58571F791D4B3D68009B1DE5 /* PBXContainerItemProxy */;
		};
		58FE56961D49F02E002C9F56 /* PBXTargetDependency */ = {
			isa = PBXTargetDependency;
			target = 58FE568F1D49F02E002C9F56 /* SpotlightExtension */;
			targetProxy = 58FE56951D49F02E002C9F56 /* PBXContainerItemProxy */;
		};
/* End PBXTargetDependency section */

/* Begin PBXVariantGroup section */
		0ACE7C191D3E5B1300EB209D /* Main.storyboard */ = {
			isa = PBXVariantGroup;
			children = (
				0ACE7C1A1D3E5B1300EB209D /* Base */,
			);
			name = Main.storyboard;
			sourceTree = "<group>";
		};
		0ACE7C1E1D3E5B1300EB209D /* LaunchScreen.storyboard */ = {
			isa = PBXVariantGroup;
			children = (
				0ACE7C1F1D3E5B1300EB209D /* Base */,
			);
			name = LaunchScreen.storyboard;
			sourceTree = "<group>";
		};
		0ACE7C321D3E5BFC00EB209D /* MainInterface.storyboard */ = {
			isa = PBXVariantGroup;
			children = (
				0ACE7C331D3E5BFC00EB209D /* Base */,
			);
			name = MainInterface.storyboard;
			sourceTree = "<group>";
		};
		581BAD351D46019200E18F5E /* MainInterface.storyboard */ = {
			isa = PBXVariantGroup;
			children = (
				581BAD361D46019200E18F5E /* Base */,
			);
			name = MainInterface.storyboard;
			sourceTree = "<group>";
		};
		584EAA8F1D48B48E00259DF7 /* MainInterface.storyboard */ = {
			isa = PBXVariantGroup;
			children = (
				584EAA901D48B48E00259DF7 /* Base */,
			);
			name = MainInterface.storyboard;
			sourceTree = "<group>";
		};
/* End PBXVariantGroup section */

/* Begin XCBuildConfiguration section */
		0A2D813F1D4B8E1800E62B0D /* Debug */ = {
			isa = XCBuildConfiguration;
			buildSettings = {
				ASSETCATALOG_COMPILER_APPICON_NAME = "iMessage App Icon";
				INFOPLIST_FILE = StickerPackExtension/Info.plist;
				PRODUCT_BUNDLE_IDENTIFIER = gl.ApplicationExtensionsPractice.StickerPackExtension;
				PRODUCT_NAME = "$(TARGET_NAME)";
				SKIP_INSTALL = YES;
			};
			name = Debug;
		};
		0A2D81401D4B8E1800E62B0D /* Release */ = {
			isa = XCBuildConfiguration;
			buildSettings = {
				ASSETCATALOG_COMPILER_APPICON_NAME = "iMessage App Icon";
				INFOPLIST_FILE = StickerPackExtension/Info.plist;
				PRODUCT_BUNDLE_IDENTIFIER = gl.ApplicationExtensionsPractice.StickerPackExtension;
				PRODUCT_NAME = "$(TARGET_NAME)";
				SKIP_INSTALL = YES;
			};
			name = Release;
		};
		0A2D81541D4B99C900E62B0D /* Debug */ = {
			isa = XCBuildConfiguration;
			buildSettings = {
				INFOPLIST_FILE = NotificationServiceExtension/Info.plist;
				LD_RUNPATH_SEARCH_PATHS = "$(inherited) @executable_path/Frameworks @executable_path/../../Frameworks";
				PRODUCT_BUNDLE_IDENTIFIER = gl.ApplicationExtensionsPractice.NotificationServiceExtension;
				PRODUCT_NAME = "$(TARGET_NAME)";
				SKIP_INSTALL = YES;
				SWIFT_VERSION = 3.0;
			};
			name = Debug;
		};
		0A2D81551D4B99C900E62B0D /* Release */ = {
			isa = XCBuildConfiguration;
			buildSettings = {
				INFOPLIST_FILE = NotificationServiceExtension/Info.plist;
				LD_RUNPATH_SEARCH_PATHS = "$(inherited) @executable_path/Frameworks @executable_path/../../Frameworks";
				PRODUCT_BUNDLE_IDENTIFIER = gl.ApplicationExtensionsPractice.NotificationServiceExtension;
				PRODUCT_NAME = "$(TARGET_NAME)";
				SKIP_INSTALL = YES;
				SWIFT_VERSION = 3.0;
			};
			name = Release;
		};
		0ACE7C221D3E5B1300EB209D /* Debug */ = {
			isa = XCBuildConfiguration;
			buildSettings = {
				ALWAYS_SEARCH_USER_PATHS = NO;
				CLANG_ANALYZER_NONNULL = YES;
				CLANG_CXX_LANGUAGE_STANDARD = "gnu++0x";
				CLANG_CXX_LIBRARY = "libc++";
				CLANG_ENABLE_MODULES = YES;
				CLANG_ENABLE_OBJC_ARC = YES;
				CLANG_WARN_BOOL_CONVERSION = YES;
				CLANG_WARN_CONSTANT_CONVERSION = YES;
				CLANG_WARN_DIRECT_OBJC_ISA_USAGE = YES_ERROR;
				CLANG_WARN_DOCUMENTATION_COMMENTS = YES;
				CLANG_WARN_EMPTY_BODY = YES;
				CLANG_WARN_ENUM_CONVERSION = YES;
				CLANG_WARN_INT_CONVERSION = YES;
				CLANG_WARN_OBJC_ROOT_CLASS = YES_ERROR;
				CLANG_WARN_UNREACHABLE_CODE = YES;
				CLANG_WARN__DUPLICATE_METHOD_MATCH = YES;
				"CODE_SIGN_IDENTITY[sdk=iphoneos*]" = "iPhone Developer";
				COPY_PHASE_STRIP = NO;
				DEBUG_INFORMATION_FORMAT = dwarf;
				ENABLE_STRICT_OBJC_MSGSEND = YES;
				ENABLE_TESTABILITY = YES;
				GCC_C_LANGUAGE_STANDARD = gnu99;
				GCC_DYNAMIC_NO_PIC = NO;
				GCC_NO_COMMON_BLOCKS = YES;
				GCC_OPTIMIZATION_LEVEL = 0;
				GCC_PREPROCESSOR_DEFINITIONS = (
					"DEBUG=1",
					"$(inherited)",
				);
				GCC_WARN_64_TO_32_BIT_CONVERSION = YES;
				GCC_WARN_ABOUT_RETURN_TYPE = YES_ERROR;
				GCC_WARN_UNDECLARED_SELECTOR = YES;
				GCC_WARN_UNINITIALIZED_AUTOS = YES_AGGRESSIVE;
				GCC_WARN_UNUSED_FUNCTION = YES;
				GCC_WARN_UNUSED_VARIABLE = YES;
				IPHONEOS_DEPLOYMENT_TARGET = 10.0;
				MTL_ENABLE_DEBUG_INFO = YES;
				ONLY_ACTIVE_ARCH = YES;
				SDKROOT = iphoneos;
				SWIFT_ACTIVE_COMPILATION_CONDITIONS = DEBUG;
				SWIFT_OPTIMIZATION_LEVEL = "-Onone";
			};
			name = Debug;
		};
		0ACE7C231D3E5B1300EB209D /* Release */ = {
			isa = XCBuildConfiguration;
			buildSettings = {
				ALWAYS_SEARCH_USER_PATHS = NO;
				CLANG_ANALYZER_NONNULL = YES;
				CLANG_CXX_LANGUAGE_STANDARD = "gnu++0x";
				CLANG_CXX_LIBRARY = "libc++";
				CLANG_ENABLE_MODULES = YES;
				CLANG_ENABLE_OBJC_ARC = YES;
				CLANG_WARN_BOOL_CONVERSION = YES;
				CLANG_WARN_CONSTANT_CONVERSION = YES;
				CLANG_WARN_DIRECT_OBJC_ISA_USAGE = YES_ERROR;
				CLANG_WARN_DOCUMENTATION_COMMENTS = YES;
				CLANG_WARN_EMPTY_BODY = YES;
				CLANG_WARN_ENUM_CONVERSION = YES;
				CLANG_WARN_INT_CONVERSION = YES;
				CLANG_WARN_OBJC_ROOT_CLASS = YES_ERROR;
				CLANG_WARN_UNREACHABLE_CODE = YES;
				CLANG_WARN__DUPLICATE_METHOD_MATCH = YES;
				"CODE_SIGN_IDENTITY[sdk=iphoneos*]" = "iPhone Developer";
				COPY_PHASE_STRIP = NO;
				DEBUG_INFORMATION_FORMAT = "dwarf-with-dsym";
				ENABLE_NS_ASSERTIONS = NO;
				ENABLE_STRICT_OBJC_MSGSEND = YES;
				GCC_C_LANGUAGE_STANDARD = gnu99;
				GCC_NO_COMMON_BLOCKS = YES;
				GCC_WARN_64_TO_32_BIT_CONVERSION = YES;
				GCC_WARN_ABOUT_RETURN_TYPE = YES_ERROR;
				GCC_WARN_UNDECLARED_SELECTOR = YES;
				GCC_WARN_UNINITIALIZED_AUTOS = YES_AGGRESSIVE;
				GCC_WARN_UNUSED_FUNCTION = YES;
				GCC_WARN_UNUSED_VARIABLE = YES;
				IPHONEOS_DEPLOYMENT_TARGET = 10.0;
				MTL_ENABLE_DEBUG_INFO = NO;
				SDKROOT = iphoneos;
				SWIFT_OPTIMIZATION_LEVEL = "-Owholemodule";
				VALIDATE_PRODUCT = YES;
			};
			name = Release;
		};
		0ACE7C251D3E5B1300EB209D /* Debug */ = {
			isa = XCBuildConfiguration;
			buildSettings = {
				ALWAYS_EMBED_SWIFT_STANDARD_LIBRARIES = YES;
				ASSETCATALOG_COMPILER_APPICON_NAME = AppIcon;
				CLANG_ENABLE_MODULES = YES;
				CODE_SIGN_ENTITLEMENTS = ApplicationExtensionsPractice/ApplicationExtensionsPractice.entitlements;
				INFOPLIST_FILE = ApplicationExtensionsPractice/Info.plist;
				IPHONEOS_DEPLOYMENT_TARGET = 10.0;
				LD_RUNPATH_SEARCH_PATHS = "$(inherited) @executable_path/Frameworks";
				PRODUCT_BUNDLE_IDENTIFIER = gl.ApplicationExtensionsPractice;
				PRODUCT_NAME = "$(TARGET_NAME)";
				SWIFT_OBJC_BRIDGING_HEADER = "ApplicationExtensionsPractice-Bridging-Header.h";
				SWIFT_OPTIMIZATION_LEVEL = "-Onone";
				SWIFT_VERSION = 3.0;
			};
			name = Debug;
		};
		0ACE7C261D3E5B1300EB209D /* Release */ = {
			isa = XCBuildConfiguration;
			buildSettings = {
				ALWAYS_EMBED_SWIFT_STANDARD_LIBRARIES = YES;
				ASSETCATALOG_COMPILER_APPICON_NAME = AppIcon;
				CLANG_ENABLE_MODULES = YES;
				CODE_SIGN_ENTITLEMENTS = ApplicationExtensionsPractice/ApplicationExtensionsPractice.entitlements;
				INFOPLIST_FILE = ApplicationExtensionsPractice/Info.plist;
				IPHONEOS_DEPLOYMENT_TARGET = 10.0;
				LD_RUNPATH_SEARCH_PATHS = "$(inherited) @executable_path/Frameworks";
				PRODUCT_BUNDLE_IDENTIFIER = gl.ApplicationExtensionsPractice;
				PRODUCT_NAME = "$(TARGET_NAME)";
				SWIFT_OBJC_BRIDGING_HEADER = "ApplicationExtensionsPractice-Bridging-Header.h";
				SWIFT_VERSION = 3.0;
			};
			name = Release;
		};
		0ACE7C3A1D3E5BFC00EB209D /* Debug */ = {
			isa = XCBuildConfiguration;
			buildSettings = {
				ASSETCATALOG_COMPILER_APPICON_NAME = AppIcon;
				CODE_SIGN_ENTITLEMENTS = TodayExtension/TodayExtension.entitlements;
				"CODE_SIGN_IDENTITY[sdk=iphoneos*]" = "iPhone Developer";
				INFOPLIST_FILE = TodayExtension/Info.plist;
				IPHONEOS_DEPLOYMENT_TARGET = 10.0;
				LD_RUNPATH_SEARCH_PATHS = "$(inherited) @executable_path/Frameworks @executable_path/../../Frameworks";
				PRODUCT_BUNDLE_IDENTIFIER = gl.ApplicationExtensionsPractice.TodayExtension;
				PRODUCT_NAME = "$(TARGET_NAME)";
				SKIP_INSTALL = YES;
				SWIFT_OBJC_BRIDGING_HEADER = "ApplicationExtensionsPractice-Bridging-Header.h";
				SWIFT_VERSION = 3.0;
			};
			name = Debug;
		};
		0ACE7C3B1D3E5BFC00EB209D /* Release */ = {
			isa = XCBuildConfiguration;
			buildSettings = {
				ASSETCATALOG_COMPILER_APPICON_NAME = AppIcon;
				CODE_SIGN_ENTITLEMENTS = TodayExtension/TodayExtension.entitlements;
				"CODE_SIGN_IDENTITY[sdk=iphoneos*]" = "iPhone Developer";
				INFOPLIST_FILE = TodayExtension/Info.plist;
				IPHONEOS_DEPLOYMENT_TARGET = 10.0;
				LD_RUNPATH_SEARCH_PATHS = "$(inherited) @executable_path/Frameworks @executable_path/../../Frameworks";
				PRODUCT_BUNDLE_IDENTIFIER = gl.ApplicationExtensionsPractice.TodayExtension;
				PRODUCT_NAME = "$(TARGET_NAME)";
				SKIP_INSTALL = YES;
				SWIFT_OBJC_BRIDGING_HEADER = "ApplicationExtensionsPractice-Bridging-Header.h";
				SWIFT_VERSION = 3.0;
			};
			name = Release;
		};
		581BAD3D1D46019200E18F5E /* Debug */ = {
			isa = XCBuildConfiguration;
			buildSettings = {
				ASSETCATALOG_COMPILER_APPICON_NAME = AppIcon;
				CODE_SIGN_ENTITLEMENTS = ShareExtension/ShareExtension.entitlements;
				INFOPLIST_FILE = ShareExtension/Info.plist;
				LD_RUNPATH_SEARCH_PATHS = "$(inherited) @executable_path/Frameworks @executable_path/../../Frameworks";
				PRODUCT_BUNDLE_IDENTIFIER = gl.ApplicationExtensionsPractice.ShareExtension;
				PRODUCT_NAME = "$(TARGET_NAME)";
				SKIP_INSTALL = YES;
				SWIFT_OBJC_BRIDGING_HEADER = "ApplicationExtensionsPractice-Bridging-Header.h";
				SWIFT_VERSION = 3.0;
			};
			name = Debug;
		};
		581BAD3E1D46019200E18F5E /* Release */ = {
			isa = XCBuildConfiguration;
			buildSettings = {
				ASSETCATALOG_COMPILER_APPICON_NAME = AppIcon;
				CODE_SIGN_ENTITLEMENTS = ShareExtension/ShareExtension.entitlements;
				INFOPLIST_FILE = ShareExtension/Info.plist;
				LD_RUNPATH_SEARCH_PATHS = "$(inherited) @executable_path/Frameworks @executable_path/../../Frameworks";
				PRODUCT_BUNDLE_IDENTIFIER = gl.ApplicationExtensionsPractice.ShareExtension;
				PRODUCT_NAME = "$(TARGET_NAME)";
				SKIP_INSTALL = YES;
				SWIFT_OBJC_BRIDGING_HEADER = "ApplicationExtensionsPractice-Bridging-Header.h";
				SWIFT_VERSION = 3.0;
			};
			name = Release;
		};
		584EAA971D48B48E00259DF7 /* Debug */ = {
			isa = XCBuildConfiguration;
			buildSettings = {
				ASSETCATALOG_COMPILER_APPICON_NAME = AppIcon;
				INFOPLIST_FILE = PhotoEditingExtension/Info.plist;
				LD_RUNPATH_SEARCH_PATHS = "$(inherited) @executable_path/Frameworks @executable_path/../../Frameworks";
				PRODUCT_BUNDLE_IDENTIFIER = gl.ApplicationExtensionsPractice.PhotoEditingExtension;
				PRODUCT_NAME = "$(TARGET_NAME)";
				SKIP_INSTALL = YES;
				SWIFT_VERSION = 3.0;
			};
			name = Debug;
		};
		584EAA981D48B48E00259DF7 /* Release */ = {
			isa = XCBuildConfiguration;
			buildSettings = {
				ASSETCATALOG_COMPILER_APPICON_NAME = AppIcon;
				INFOPLIST_FILE = PhotoEditingExtension/Info.plist;
				LD_RUNPATH_SEARCH_PATHS = "$(inherited) @executable_path/Frameworks @executable_path/../../Frameworks";
				PRODUCT_BUNDLE_IDENTIFIER = gl.ApplicationExtensionsPractice.PhotoEditingExtension;
				PRODUCT_NAME = "$(TARGET_NAME)";
				SKIP_INSTALL = YES;
				SWIFT_VERSION = 3.0;
			};
			name = Release;
		};
		58571F7C1D4B3D68009B1DE5 /* Debug */ = {
			isa = XCBuildConfiguration;
			buildSettings = {
				ASSETCATALOG_COMPILER_APPICON_NAME = AppIcon;
				INFOPLIST_FILE = SharedLinksExtension/Info.plist;
				LD_RUNPATH_SEARCH_PATHS = "$(inherited) @executable_path/Frameworks @executable_path/../../Frameworks";
				PRODUCT_BUNDLE_IDENTIFIER = gl.ApplicationExtensionsPractice.SharedLinksExtension;
				PRODUCT_NAME = "$(TARGET_NAME)";
				SKIP_INSTALL = YES;
				SWIFT_VERSION = 3.0;
			};
			name = Debug;
		};
		58571F7D1D4B3D68009B1DE5 /* Release */ = {
			isa = XCBuildConfiguration;
			buildSettings = {
				ASSETCATALOG_COMPILER_APPICON_NAME = AppIcon;
				INFOPLIST_FILE = SharedLinksExtension/Info.plist;
				LD_RUNPATH_SEARCH_PATHS = "$(inherited) @executable_path/Frameworks @executable_path/../../Frameworks";
				PRODUCT_BUNDLE_IDENTIFIER = gl.ApplicationExtensionsPractice.SharedLinksExtension;
				PRODUCT_NAME = "$(TARGET_NAME)";
				SKIP_INSTALL = YES;
				SWIFT_VERSION = 3.0;
			};
			name = Release;
		};
		58FE56991D49F02E002C9F56 /* Debug */ = {
			isa = XCBuildConfiguration;
			buildSettings = {
				ASSETCATALOG_COMPILER_APPICON_NAME = AppIcon;
				INFOPLIST_FILE = SpotlightExtension/Info.plist;
				LD_RUNPATH_SEARCH_PATHS = "$(inherited) @executable_path/Frameworks @executable_path/../../Frameworks";
				PRODUCT_BUNDLE_IDENTIFIER = gl.ApplicationExtensionsPractice.SpotlightExtension;
				PRODUCT_NAME = "$(TARGET_NAME)";
				SKIP_INSTALL = YES;
				SWIFT_VERSION = 3.0;
			};
			name = Debug;
		};
		58FE569A1D49F02E002C9F56 /* Release */ = {
			isa = XCBuildConfiguration;
			buildSettings = {
				ASSETCATALOG_COMPILER_APPICON_NAME = AppIcon;
				INFOPLIST_FILE = SpotlightExtension/Info.plist;
				LD_RUNPATH_SEARCH_PATHS = "$(inherited) @executable_path/Frameworks @executable_path/../../Frameworks";
				PRODUCT_BUNDLE_IDENTIFIER = gl.ApplicationExtensionsPractice.SpotlightExtension;
				PRODUCT_NAME = "$(TARGET_NAME)";
				SKIP_INSTALL = YES;
				SWIFT_VERSION = 3.0;
			};
			name = Release;
		};
/* End XCBuildConfiguration section */

/* Begin XCConfigurationList section */
		0A2D81411D4B8E1800E62B0D /* Build configuration list for PBXNativeTarget "StickerPackExtension" */ = {
			isa = XCConfigurationList;
			buildConfigurations = (
				0A2D813F1D4B8E1800E62B0D /* Debug */,
				0A2D81401D4B8E1800E62B0D /* Release */,
			);
			defaultConfigurationIsVisible = 0;
		};
		0A2D81531D4B99C900E62B0D /* Build configuration list for PBXNativeTarget "NotificationServiceExtension" */ = {
			isa = XCConfigurationList;
			buildConfigurations = (
				0A2D81541D4B99C900E62B0D /* Debug */,
				0A2D81551D4B99C900E62B0D /* Release */,
			);
			defaultConfigurationIsVisible = 0;
		};
		0ACE7C0D1D3E5B1300EB209D /* Build configuration list for PBXProject "ApplicationExtensionsPractice" */ = {
			isa = XCConfigurationList;
			buildConfigurations = (
				0ACE7C221D3E5B1300EB209D /* Debug */,
				0ACE7C231D3E5B1300EB209D /* Release */,
			);
			defaultConfigurationIsVisible = 0;
			defaultConfigurationName = Release;
		};
		0ACE7C241D3E5B1300EB209D /* Build configuration list for PBXNativeTarget "ApplicationExtensionsPractice" */ = {
			isa = XCConfigurationList;
			buildConfigurations = (
				0ACE7C251D3E5B1300EB209D /* Debug */,
				0ACE7C261D3E5B1300EB209D /* Release */,
			);
			defaultConfigurationIsVisible = 0;
			defaultConfigurationName = Release;
		};
		0ACE7C391D3E5BFC00EB209D /* Build configuration list for PBXNativeTarget "TodayExtension" */ = {
			isa = XCConfigurationList;
			buildConfigurations = (
				0ACE7C3A1D3E5BFC00EB209D /* Debug */,
				0ACE7C3B1D3E5BFC00EB209D /* Release */,
			);
			defaultConfigurationIsVisible = 0;
			defaultConfigurationName = Release;
		};
		581BAD3C1D46019200E18F5E /* Build configuration list for PBXNativeTarget "ShareExtension" */ = {
			isa = XCConfigurationList;
			buildConfigurations = (
				581BAD3D1D46019200E18F5E /* Debug */,
				581BAD3E1D46019200E18F5E /* Release */,
			);
			defaultConfigurationIsVisible = 0;
			defaultConfigurationName = Release;
		};
		584EAA961D48B48E00259DF7 /* Build configuration list for PBXNativeTarget "PhotoEditingExtension" */ = {
			isa = XCConfigurationList;
			buildConfigurations = (
				584EAA971D48B48E00259DF7 /* Debug */,
				584EAA981D48B48E00259DF7 /* Release */,
			);
			defaultConfigurationIsVisible = 0;
			defaultConfigurationName = Release;
		};
		58571F7E1D4B3D68009B1DE5 /* Build configuration list for PBXNativeTarget "SharedLinksExtension" */ = {
			isa = XCConfigurationList;
			buildConfigurations = (
				58571F7C1D4B3D68009B1DE5 /* Debug */,
				58571F7D1D4B3D68009B1DE5 /* Release */,
			);
			defaultConfigurationIsVisible = 0;
			defaultConfigurationName = Release;
		};
		58FE56981D49F02E002C9F56 /* Build configuration list for PBXNativeTarget "SpotlightExtension" */ = {
			isa = XCConfigurationList;
			buildConfigurations = (
				58FE56991D49F02E002C9F56 /* Debug */,
				58FE569A1D49F02E002C9F56 /* Release */,
			);
			defaultConfigurationIsVisible = 0;
			defaultConfigurationName = Release;
		};
/* End XCConfigurationList section */
	};
	rootObject = 0ACE7C0A1D3E5B1300EB209D /* Project object */;
}
